// !$*UTF8*$!
{
	archiveVersion = 1;
	classes = {
	};
	objectVersion = 46;
	objects = {

/* Begin PBXBuildFile section */
		04EF59021D70E64A00691809 /* AppDelegate.swift in Sources */ = {isa = PBXBuildFile; fileRef = 04EF59011D70E64A00691809 /* AppDelegate.swift */; };
		04EF59041D70E64A00691809 /* ViewController.swift in Sources */ = {isa = PBXBuildFile; fileRef = 04EF59031D70E64A00691809 /* ViewController.swift */; };
		04EF59071D70E64A00691809 /* Main.storyboard in Resources */ = {isa = PBXBuildFile; fileRef = 04EF59051D70E64A00691809 /* Main.storyboard */; };
		04EF59091D70E64A00691809 /* Assets.xcassets in Resources */ = {isa = PBXBuildFile; fileRef = 04EF59081D70E64A00691809 /* Assets.xcassets */; };
		04EF590C1D70E64A00691809 /* LaunchScreen.storyboard in Resources */ = {isa = PBXBuildFile; fileRef = 04EF590A1D70E64A00691809 /* LaunchScreen.storyboard */; };
		04EF59171D70E64A00691809 /* isPrimeTests.swift in Sources */ = {isa = PBXBuildFile; fileRef = 04EF59161D70E64A00691809 /* isPrimeTests.swift */; };
		04EF59221D70E64A00691809 /* isPrimeUITests.swift in Sources */ = {isa = PBXBuildFile; fileRef = 04EF59211D70E64A00691809 /* isPrimeUITests.swift */; };
/* End PBXBuildFile section */

/* Begin PBXContainerItemProxy section */
		04EF59131D70E64A00691809 /* PBXContainerItemProxy */ = {
			isa = PBXContainerItemProxy;
			containerPortal = 04EF58F61D70E64900691809 /* Project object */;
			proxyType = 1;
			remoteGlobalIDString = 04EF58FD1D70E64900691809;
			remoteInfo = isPrime;
		};
		04EF591E1D70E64A00691809 /* PBXContainerItemProxy */ = {
			isa = PBXContainerItemProxy;
			containerPortal = 04EF58F61D70E64900691809 /* Project object */;
			proxyType = 1;
			remoteGlobalIDString = 04EF58FD1D70E64900691809;
			remoteInfo = isPrime;
		};
/* End PBXContainerItemProxy section */

/* Begin PBXFileReference section */
		04EF58FE1D70E64A00691809 /* isPrime.app */ = {isa = PBXFileReference; explicitFileType = wrapper.application; includeInIndex = 0; path = isPrime.app; sourceTree = BUILT_PRODUCTS_DIR; };
		04EF59011D70E64A00691809 /* AppDelegate.swift */ = {isa = PBXFileReference; lastKnownFileType = sourcecode.swift; path = AppDelegate.swift; sourceTree = "<group>"; };
		04EF59031D70E64A00691809 /* ViewController.swift */ = {isa = PBXFileReference; lastKnownFileType = sourcecode.swift; path = ViewController.swift; sourceTree = "<group>"; };
		04EF59061D70E64A00691809 /* Base */ = {isa = PBXFileReference; lastKnownFileType = file.storyboard; name = Base; path = Base.lproj/Main.storyboard; sourceTree = "<group>"; };
		04EF59081D70E64A00691809 /* Assets.xcassets */ = {isa = PBXFileReference; lastKnownFileType = folder.assetcatalog; path = Assets.xcassets; sourceTree = "<group>"; };
		04EF590B1D70E64A00691809 /* Base */ = {isa = PBXFileReference; lastKnownFileType = file.storyboard; name = Base; path = Base.lproj/LaunchScreen.storyboard; sourceTree = "<group>"; };
		04EF590D1D70E64A00691809 /* Info.plist */ = {isa = PBXFileReference; lastKnownFileType = text.plist.xml; path = Info.plist; sourceTree = "<group>"; };
		04EF59121D70E64A00691809 /* isPrimeTests.xctest */ = {isa = PBXFileReference; explicitFileType = wrapper.cfbundle; includeInIndex = 0; path = isPrimeTests.xctest; sourceTree = BUILT_PRODUCTS_DIR; };
		04EF59161D70E64A00691809 /* isPrimeTests.swift */ = {isa = PBXFileReference; lastKnownFileType = sourcecode.swift; path = isPrimeTests.swift; sourceTree = "<group>"; };
		04EF59181D70E64A00691809 /* Info.plist */ = {isa = PBXFileReference; lastKnownFileType = text.plist.xml; path = Info.plist; sourceTree = "<group>"; };
		04EF591D1D70E64A00691809 /* isPrimeUITests.xctest */ = {isa = PBXFileReference; explicitFileType = wrapper.cfbundle; includeInIndex = 0; path = isPrimeUITests.xctest; sourceTree = BUILT_PRODUCTS_DIR; };
		04EF59211D70E64A00691809 /* isPrimeUITests.swift */ = {isa = PBXFileReference; lastKnownFileType = sourcecode.swift; path = isPrimeUITests.swift; sourceTree = "<group>"; };
		04EF59231D70E64A00691809 /* Info.plist */ = {isa = PBXFileReference; lastKnownFileType = text.plist.xml; path = Info.plist; sourceTree = "<group>"; };
/* End PBXFileReference section */

/* Begin PBXFrameworksBuildPhase section */
		04EF58FB1D70E64900691809 /* Frameworks */ = {
			isa = PBXFrameworksBuildPhase;
			buildActionMask = 2147483647;
			files = (
			);
			runOnlyForDeploymentPostprocessing = 0;
		};
		04EF590F1D70E64A00691809 /* Frameworks */ = {
			isa = PBXFrameworksBuildPhase;
			buildActionMask = 2147483647;
			files = (
			);
			runOnlyForDeploymentPostprocessing = 0;
		};
		04EF591A1D70E64A00691809 /* Frameworks */ = {
			isa = PBXFrameworksBuildPhase;
			buildActionMask = 2147483647;
			files = (
			);
			runOnlyForDeploymentPostprocessing = 0;
		};
/* End PBXFrameworksBuildPhase section */

/* Begin PBXGroup section */
		04EF58F51D70E64900691809 = {
			isa = PBXGroup;
			children = (
				04EF59001D70E64A00691809 /* isPrime */,
				04EF59151D70E64A00691809 /* isPrimeTests */,
				04EF59201D70E64A00691809 /* isPrimeUITests */,
				04EF58FF1D70E64A00691809 /* Products */,
			);
			sourceTree = "<group>";
		};
		04EF58FF1D70E64A00691809 /* Products */ = {
			isa = PBXGroup;
			children = (
				04EF58FE1D70E64A00691809 /* isPrime.app */,
				04EF59121D70E64A00691809 /* isPrimeTests.xctest */,
				04EF591D1D70E64A00691809 /* isPrimeUITests.xctest */,
			);
			name = Products;
			sourceTree = "<group>";
		};
		04EF59001D70E64A00691809 /* isPrime */ = {
			isa = PBXGroup;
			children = (
				04EF59011D70E64A00691809 /* AppDelegate.swift */,
				04EF59031D70E64A00691809 /* ViewController.swift */,
				04EF59051D70E64A00691809 /* Main.storyboard */,
				04EF59081D70E64A00691809 /* Assets.xcassets */,
				04EF590A1D70E64A00691809 /* LaunchScreen.storyboard */,
				04EF590D1D70E64A00691809 /* Info.plist */,
			);
			path = isPrime;
			sourceTree = "<group>";
		};
		04EF59151D70E64A00691809 /* isPrimeTests */ = {
			isa = PBXGroup;
			children = (
				04EF59161D70E64A00691809 /* isPrimeTests.swift */,
				04EF59181D70E64A00691809 /* Info.plist */,
			);
			path = isPrimeTests;
			sourceTree = "<group>";
		};
		04EF59201D70E64A00691809 /* isPrimeUITests */ = {
			isa = PBXGroup;
			children = (
				04EF59211D70E64A00691809 /* isPrimeUITests.swift */,
				04EF59231D70E64A00691809 /* Info.plist */,
			);
			path = isPrimeUITests;
			sourceTree = "<group>";
		};
/* End PBXGroup section */

/* Begin PBXNativeTarget section */
		04EF58FD1D70E64900691809 /* isPrime */ = {
			isa = PBXNativeTarget;
			buildConfigurationList = 04EF59261D70E64A00691809 /* Build configuration list for PBXNativeTarget "isPrime" */;
			buildPhases = (
				04EF58FA1D70E64900691809 /* Sources */,
				04EF58FB1D70E64900691809 /* Frameworks */,
				04EF58FC1D70E64900691809 /* Resources */,
			);
			buildRules = (
			);
			dependencies = (
			);
			name = isPrime;
			productName = isPrime;
			productReference = 04EF58FE1D70E64A00691809 /* isPrime.app */;
			productType = "com.apple.product-type.application";
		};
		04EF59111D70E64A00691809 /* isPrimeTests */ = {
			isa = PBXNativeTarget;
			buildConfigurationList = 04EF59291D70E64A00691809 /* Build configuration list for PBXNativeTarget "isPrimeTests" */;
			buildPhases = (
				04EF590E1D70E64A00691809 /* Sources */,
				04EF590F1D70E64A00691809 /* Frameworks */,
				04EF59101D70E64A00691809 /* Resources */,
			);
			buildRules = (
			);
			dependencies = (
				04EF59141D70E64A00691809 /* PBXTargetDependency */,
			);
			name = isPrimeTests;
			productName = isPrimeTests;
			productReference = 04EF59121D70E64A00691809 /* isPrimeTests.xctest */;
			productType = "com.apple.product-type.bundle.unit-test";
		};
		04EF591C1D70E64A00691809 /* isPrimeUITests */ = {
			isa = PBXNativeTarget;
			buildConfigurationList = 04EF592C1D70E64A00691809 /* Build configuration list for PBXNativeTarget "isPrimeUITests" */;
			buildPhases = (
				04EF59191D70E64A00691809 /* Sources */,
				04EF591A1D70E64A00691809 /* Frameworks */,
				04EF591B1D70E64A00691809 /* Resources */,
			);
			buildRules = (
			);
			dependencies = (
				04EF591F1D70E64A00691809 /* PBXTargetDependency */,
			);
			name = isPrimeUITests;
			productName = isPrimeUITests;
			productReference = 04EF591D1D70E64A00691809 /* isPrimeUITests.xctest */;
			productType = "com.apple.product-type.bundle.ui-testing";
		};
/* End PBXNativeTarget section */

/* Begin PBXProject section */
		04EF58F61D70E64900691809 /* Project object */ = {
			isa = PBXProject;
			attributes = {
				LastSwiftUpdateCheck = 0730;
				LastUpgradeCheck = 0730;
				ORGANIZATIONNAME = Rachidovitch;
				TargetAttributes = {
					04EF58FD1D70E64900691809 = {
						CreatedOnToolsVersion = 7.3.1;
					};
					04EF59111D70E64A00691809 = {
						CreatedOnToolsVersion = 7.3.1;
						TestTargetID = 04EF58FD1D70E64900691809;
					};
					04EF591C1D70E64A00691809 = {
						CreatedOnToolsVersion = 7.3.1;
						TestTargetID = 04EF58FD1D70E64900691809;
					};
				};
			};
			buildConfigurationList = 04EF58F91D70E64900691809 /* Build configuration list for PBXProject "isPrime" */;
			compatibilityVersion = "Xcode 3.2";
			developmentRegion = English;
			hasScannedForEncodings = 0;
			knownRegions = (
				en,
				Base,
			);
			mainGroup = 04EF58F51D70E64900691809;
			productRefGroup = 04EF58FF1D70E64A00691809 /* Products */;
			projectDirPath = "";
			projectRoot = "";
			targets = (
				04EF58FD1D70E64900691809 /* isPrime */,
				04EF59111D70E64A00691809 /* isPrimeTests */,
				04EF591C1D70E64A00691809 /* isPrimeUITests */,
			);
		};
/* End PBXProject section */

/* Begin PBXResourcesBuildPhase section */
		04EF58FC1D70E64900691809 /* Resources */ = {
			isa = PBXResourcesBuildPhase;
			buildActionMask = 2147483647;
			files = (
				04EF590C1D70E64A00691809 /* LaunchScreen.storyboard in Resources */,
				04EF59091D70E64A00691809 /* Assets.xcassets in Resources */,
				04EF59071D70E64A00691809 /* Main.storyboard in Resources */,
			);
			runOnlyForDeploymentPostprocessing = 0;
		};
		04EF59101D70E64A00691809 /* Resources */ = {
			isa = PBXResourcesBuildPhase;
			buildActionMask = 2147483647;
			files = (
			);
			runOnlyForDeploymentPostprocessing = 0;
		};
		04EF591B1D70E64A00691809 /* Resources */ = {
			isa = PBXResourcesBuildPhase;
			buildActionMask = 2147483647;
			files = (
			);
			runOnlyForDeploymentPostprocessing = 0;
		};
/* End PBXResourcesBuildPhase section */

/* Begin PBXSourcesBuildPhase section */
		04EF58FA1D70E64900691809 /* Sources */ = {
			isa = PBXSourcesBuildPhase;
			buildActionMask = 2147483647;
			files = (
				04EF59041D70E64A00691809 /* ViewController.swift in Sources */,
				04EF59021D70E64A00691809 /* AppDelegate.swift in Sources */,
			);
			runOnlyForDeploymentPostprocessing = 0;
		};
		04EF590E1D70E64A00691809 /* Sources */ = {
			isa = PBXSourcesBuildPhase;
			buildActionMask = 2147483647;
			files = (
				04EF59171D70E64A00691809 /* isPrimeTests.swift in Sources */,
			);
			runOnlyForDeploymentPostprocessing = 0;
		};
		04EF59191D70E64A00691809 /* Sources */ = {
			isa = PBXSourcesBuildPhase;
			buildActionMask = 2147483647;
			files = (
				04EF59221D70E64A00691809 /* isPrimeUITests.swift in Sources */,
			);
			runOnlyForDeploymentPostprocessing = 0;
		};
/* End PBXSourcesBuildPhase section */

/* Begin PBXTargetDependency section */
		04EF59141D70E64A00691809 /* PBXTargetDependency */ = {
			isa = PBXTargetDependency;
			target = 04EF58FD1D70E64900691809 /* isPrime */;
			targetProxy = 04EF59131D70E64A00691809 /* PBXContainerItemProxy */;
		};
		04EF591F1D70E64A00691809 /* PBXTargetDependency */ = {
			isa = PBXTargetDependency;
			target = 04EF58FD1D70E64900691809 /* isPrime */;
			targetProxy = 04EF591E1D70E64A00691809 /* PBXContainerItemProxy */;
		};
/* End PBXTargetDependency section */

/* Begin PBXVariantGroup section */
		04EF59051D70E64A00691809 /* Main.storyboard */ = {
			isa = PBXVariantGroup;
			children = (
				04EF59061D70E64A00691809 /* Base */,
			);
			name = Main.storyboard;
			sourceTree = "<group>";
		};
		04EF590A1D70E64A00691809 /* LaunchScreen.storyboard */ = {
			isa = PBXVariantGroup;
			children = (
				04EF590B1D70E64A00691809 /* Base */,
			);
			name = LaunchScreen.storyboard;
			sourceTree = "<group>";
		};
/* End PBXVariantGroup section */

/* Begin XCBuildConfiguration section */
		04EF59241D70E64A00691809 /* Debug */ = {
			isa = XCBuildConfiguration;
			buildSettings = {
				ALWAYS_SEARCH_USER_PATHS = NO;
				CLANG_ANALYZER_NONNULL = YES;
				CLANG_CXX_LANGUAGE_STANDARD = "gnu++0x";
				CLANG_CXX_LIBRARY = "libc++";
				CLANG_ENABLE_MODULES = YES;
				CLANG_ENABLE_OBJC_ARC = YES;
				CLANG_WARN_BOOL_CONVERSION = YES;
				CLANG_WARN_CONSTANT_CONVERSION = YES;
				CLANG_WARN_DIRECT_OBJC_ISA_USAGE = YES_ERROR;
				CLANG_WARN_EMPTY_BODY = YES;
				CLANG_WARN_ENUM_CONVERSION = YES;
				CLANG_WARN_INT_CONVERSION = YES;
				CLANG_WARN_OBJC_ROOT_CLASS = YES_ERROR;
				CLANG_WARN_UNREACHABLE_CODE = YES;
				CLANG_WARN__DUPLICATE_METHOD_MATCH = YES;
				"CODE_SIGN_IDENTITY[sdk=iphoneos*]" = "iPhone Developer";
				COPY_PHASE_STRIP = NO;
				DEBUG_INFORMATION_FORMAT = dwarf;
				ENABLE_STRICT_OBJC_MSGSEND = YES;
				ENABLE_TESTABILITY = YES;
				GCC_C_LANGUAGE_STANDARD = gnu99;
				GCC_DYNAMIC_NO_PIC = NO;
				GCC_NO_COMMON_BLOCKS = YES;
				GCC_OPTIMIZATION_LEVEL = 0;
				GCC_PREPROCESSOR_DEFINITIONS = (
					"DEBUG=1",
					"$(inherited)",
				);
				GCC_WARN_64_TO_32_BIT_CONVERSION = YES;
				GCC_WARN_ABOUT_RETURN_TYPE = YES_ERROR;
				GCC_WARN_UNDECLARED_SELECTOR = YES;
				GCC_WARN_UNINITIALIZED_AUTOS = YES_AGGRESSIVE;
				GCC_WARN_UNUSED_FUNCTION = YES;
				GCC_WARN_UNUSED_VARIABLE = YES;
				IPHONEOS_DEPLOYMENT_TARGET = 9.3;
				MTL_ENABLE_DEBUG_INFO = YES;
				ONLY_ACTIVE_ARCH = YES;
				SDKROOT = iphoneos;
				SWIFT_OPTIMIZATION_LEVEL = "-Onone";
				TARGETED_DEVICE_FAMILY = "1,2";
			};
			name = Debug;
		};
		04EF59251D70E64A00691809 /* Release */ = {
			isa = XCBuildConfiguration;
			buildSettings = {
				ALWAYS_SEARCH_USER_PATHS = NO;
				CLANG_ANALYZER_NONNULL = YES;
				CLANG_CXX_LANGUAGE_STANDARD = "gnu++0x";
				CLANG_CXX_LIBRARY = "libc++";
				CLANG_ENABLE_MODULES = YES;
				CLANG_ENABLE_OBJC_ARC = YES;
				CLANG_WARN_BOOL_CONVERSION = YES;
				CLANG_WARN_CONSTANT_CONVERSION = YES;
				CLANG_WARN_DIRECT_OBJC_ISA_USAGE = YES_ERROR;
				CLANG_WARN_EMPTY_BODY = YES;
				CLANG_WARN_ENUM_CONVERSION = YES;
				CLANG_WARN_INT_CONVERSION = YES;
				CLANG_WARN_OBJC_ROOT_CLASS = YES_ERROR;
				CLANG_WARN_UNREACHABLE_CODE = YES;
				CLANG_WARN__DUPLICATE_METHOD_MATCH = YES;
				"CODE_SIGN_IDENTITY[sdk=iphoneos*]" = "iPhone Developer";
				COPY_PHASE_STRIP = NO;
				DEBUG_INFORMATION_FORMAT = "dwarf-with-dsym";
				ENABLE_NS_ASSERTIONS = NO;
				ENABLE_STRICT_OBJC_MSGSEND = YES;
				GCC_C_LANGUAGE_STANDARD = gnu99;
				GCC_NO_COMMON_BLOCKS = YES;
				GCC_WARN_64_TO_32_BIT_CONVERSION = YES;
				GCC_WARN_ABOUT_RETURN_TYPE = YES_ERROR;
				GCC_WARN_UNDECLARED_SELECTOR = YES;
				GCC_WARN_UNINITIALIZED_AUTOS = YES_AGGRESSIVE;
				GCC_WARN_UNUSED_FUNCTION = YES;
				GCC_WARN_UNUSED_VARIABLE = YES;
				IPHONEOS_DEPLOYMENT_TARGET = 9.3;
				MTL_ENABLE_DEBUG_INFO = NO;
				SDKROOT = iphoneos;
				TARGETED_DEVICE_FAMILY = "1,2";
				VALIDATE_PRODUCT = YES;
			};
			name = Release;
		};
		04EF59271D70E64A00691809 /* Debug */ = {
			isa = XCBuildConfiguration;
			buildSettings = {
				ASSETCATALOG_COMPILER_APPICON_NAME = AppIcon;
				INFOPLIST_FILE = isPrime/Info.plist;
				LD_RUNPATH_SEARCH_PATHS = "$(inherited) @executable_path/Frameworks";
				PRODUCT_BUNDLE_IDENTIFIER = Rachidovitch.isPrime;
				PRODUCT_NAME = "$(TARGET_NAME)";
			};
			name = Debug;
		};
		04EF59281D70E64A00691809 /* Release */ = {
			isa = XCBuildConfiguration;
			buildSettings = {
				ASSETCATALOG_COMPILER_APPICON_NAME = AppIcon;
				INFOPLIST_FILE = isPrime/Info.plist;
				LD_RUNPATH_SEARCH_PATHS = "$(inherited) @executable_path/Frameworks";
				PRODUCT_BUNDLE_IDENTIFIER = Rachidovitch.isPrime;
				PRODUCT_NAME = "$(TARGET_NAME)";
			};
			name = Release;
		};
		04EF592A1D70E64A00691809 /* Debug */ = {
			isa = XCBuildConfiguration;
			buildSettings = {
				BUNDLE_LOADER = "$(TEST_HOST)";
				INFOPLIST_FILE = isPrimeTests/Info.plist;
				LD_RUNPATH_SEARCH_PATHS = "$(inherited) @executable_path/Frameworks @loader_path/Frameworks";
				PRODUCT_BUNDLE_IDENTIFIER = Rachidovitch.isPrimeTests;
				PRODUCT_NAME = "$(TARGET_NAME)";
				TEST_HOST = "$(BUILT_PRODUCTS_DIR)/isPrime.app/isPrime";
			};
			name = Debug;
		};
		04EF592B1D70E64A00691809 /* Release */ = {
			isa = XCBuildConfiguration;
			buildSettings = {
				BUNDLE_LOADER = "$(TEST_HOST)";
				INFOPLIST_FILE = isPrimeTests/Info.plist;
				LD_RUNPATH_SEARCH_PATHS = "$(inherited) @executable_path/Frameworks @loader_path/Frameworks";
				PRODUCT_BUNDLE_IDENTIFIER = Rachidovitch.isPrimeTests;
				PRODUCT_NAME = "$(TARGET_NAME)";
				TEST_HOST = "$(BUILT_PRODUCTS_DIR)/isPrime.app/isPrime";
			};
			name = Release;
		};
		04EF592D1D70E64A00691809 /* Debug */ = {
			isa = XCBuildConfiguration;
			buildSettings = {
				INFOPLIST_FILE = isPrimeUITests/Info.plist;
				LD_RUNPATH_SEARCH_PATHS = "$(inherited) @executable_path/Frameworks @loader_path/Frameworks";
				PRODUCT_BUNDLE_IDENTIFIER = Rachidovitch.isPrimeUITests;
				PRODUCT_NAME = "$(TARGET_NAME)";
				TEST_TARGET_NAME = isPrime;
			};
			name = Debug;
		};
		04EF592E1D70E64A00691809 /* Release */ = {
			isa = XCBuildConfiguration;
			buildSettings = {
				INFOPLIST_FILE = isPrimeUITests/Info.plist;
				LD_RUNPATH_SEARCH_PATHS = "$(inherited) @executable_path/Frameworks @loader_path/Frameworks";
				PRODUCT_BUNDLE_IDENTIFIER = Rachidovitch.isPrimeUITests;
				PRODUCT_NAME = "$(TARGET_NAME)";
				TEST_TARGET_NAME = isPrime;
			};
			name = Release;
		};
/* End XCBuildConfiguration section */

/* Begin XCConfigurationList section */
		04EF58F91D70E64900691809 /* Build configuration list for PBXProject "isPrime" */ = {
			isa = XCConfigurationList;
			buildConfigurations = (
				04EF59241D70E64A00691809 /* Debug */,
				04EF59251D70E64A00691809 /* Release */,
			);
			defaultConfigurationIsVisible = 0;
			defaultConfigurationName = Release;
		};
		04EF59261D70E64A00691809 /* Build configuration list for PBXNativeTarget "isPrime" */ = {
			isa = XCConfigurationList;
			buildConfigurations = (
				04EF59271D70E64A00691809 /* Debug */,
				04EF59281D70E64A00691809 /* Release */,
			);
			defaultConfigurationIsVisible = 0;
		};
		04EF59291D70E64A00691809 /* Build configuration list for PBXNativeTarget "isPrimeTests" */ = {
			isa = XCConfigurationList;
			buildConfigurations = (
				04EF592A1D70E64A00691809 /* Debug */,
				04EF592B1D70E64A00691809 /* Release */,
			);
			defaultConfigurationIsVisible = 0;
		};
		04EF592C1D70E64A00691809 /* Build configuration list for PBXNativeTarget "isPrimeUITests" */ = {
			isa = XCConfigurationList;
			buildConfigurations = (
				04EF592D1D70E64A00691809 /* Debug */,
				04EF592E1D70E64A00691809 /* Release */,
			);
			defaultConfigurationIsVisible = 0;
		};
/* End XCConfigurationList section */
	};
	rootObject = 04EF58F61D70E64900691809 /* Project object */;
}
